<?xml version="1.0" encoding="UTF-8"?>
<Scheme
   version = "1.3">
   <BuildAction>
      <BuildActionEntries>
         <BuildActionEntry
            buildForRunning = "YES">
            <BuildableReference
               BuildableIdentifier = "primary"
               BlueprintIdentifier = "BBEED555160AF7D300AE759A"
               BuildableName = "ngb-ipad.app"
               BlueprintName = "ngb-ipad"
               ReferencedContainer = "container:ngb-ipad.xcodeproj">
            </BuildableReference>
         </BuildActionEntry>
      </BuildActionEntries>
   </BuildAction>
   <LaunchAction
      useCustomWorkingDirectory = "NO"
      buildConfiguration = "Debug">
      <BuildableProductRunnable>
         <BuildableReference
            BuildableIdentifier = "primary"
            BlueprintIdentifier = "BBEED555160AF7D300AE759A"
            BuildableName = "ngb-ipad.app"
            BlueprintName = "ngb-ipad"
            ReferencedContainer = "container:ngb-ipad.xcodeproj">
         </BuildableReference>
      </BuildableProductRunnable>
   </LaunchAction>
</Scheme>
